Microsoft Visual Studio Solution File, Format Version 12.00
# Visual Studio 15
VisualStudioVersion = 15.0.27130.2027
MinimumVisualStudioVersion = 15.0.26124.0
Project("{9A19103F-16F7-4668-BE54-9A1E7A4F7556}") = "ServiceA", "ServiceA\ServiceA.csproj", "{A567DC77-77F6-42FD-B4C1-63614339FAEB}"
EndProject
Project("{9A19103F-16F7-4668-BE54-9A1E7A4F7556}") = "ServiceB", "ServiceB\ServiceB.csproj", "{15593CB9-3930-4FCD-86F2-4547AACF566D}"
EndProject
Project("{9A19103F-16F7-4668-BE54-9A1E7A4F7556}") = "ServiceC", "ServiceC\ServiceC.csproj", "{606C98F1-29CE-4966-8837-DA9C671B3201}"
EndProject
Project("{9A19103F-16F7-4668-BE54-9A1E7A4F7556}") = "Gateway", "Gateway\Gateway.csproj", "{EE933C1C-EE73-40B1-A23B-7403C5E57A87}"
EndProject
Global
	GlobalSection(SolutionConfigurationPlatforms) = preSolution
		Debug|Any CPU = Debug|Any CPU
		Debug|x64 = Debug|x64
		Debug|x86 = Debug|x86
		Release|Any CPU = Release|Any CPU
		Release|x64 = Release|x64
		Release|x86 = Release|x86
	EndGlobalSection
	GlobalSection(ProjectConfigurationPlatforms) = postSolution
		{A567DC77-77F6-42FD-B4C1-63614339FAEB}.Debug|Any CPU.ActiveCfg = Debug|Any CPU
		{A567DC77-77F6-42FD-B4C1-63614339FAEB}.Debug|Any CPU.Build.0 = Debug|Any CPU
		{A567DC77-77F6-42FD-B4C1-63614339FAEB}.Debug|x64.ActiveCfg = Debug|Any CPU
		{A567DC77-77F6-42FD-B4C1-63614339FAEB}.Debug|x64.Build.0 = Debug|Any CPU
		{A567DC77-77F6-42FD-B4C1-63614339FAEB}.Debug|x86.ActiveCfg = Debug|Any CPU
		{A567DC77-77F6-42FD-B4C1-63614339FAEB}.Debug|x86.Build.0 = Debug|Any CPU
		{A567DC77-77F6-42FD-B4C1-63614339FAEB}.Release|Any CPU.ActiveCfg = Release|Any CPU
		{A567DC77-77F6-42FD-B4C1-63614339FAEB}.Release|Any CPU.Build.0 = Release|Any CPU
		{A567DC77-77F6-42FD-B4C1-63614339FAEB}.Release|x64.ActiveCfg = Release|Any CPU
		{A567DC77-77F6-42FD-B4C1-63614339FAEB}.Release|x64.Build.0 = Release|Any CPU
		{A567DC77-77F6-42FD-B4C1-63614339FAEB}.Release|x86.ActiveCfg = Release|Any CPU
		{A567DC77-77F6-42FD-B4C1-63614339FAEB}.Release|x86.Build.0 = Release|Any CPU
		{15593CB9-3930-4FCD-86F2-4547AACF566D}.Debug|Any CPU.ActiveCfg = Debug|Any CPU
		{15593CB9-3930-4FCD-86F2-4547AACF566D}.Debug|Any CPU.Build.0 = Debug|Any CPU
		{15593CB9-3930-4FCD-86F2-4547AACF566D}.Debug|x64.ActiveCfg = Debug|Any CPU
		{15593CB9-3930-4FCD-86F2-4547AACF566D}.Debug|x64.Build.0 = Debug|Any CPU
		{15593CB9-3930-4FCD-86F2-4547AACF566D}.Debug|x86.ActiveCfg = Debug|Any CPU
		{15593CB9-3930-4FCD-86F2-4547AACF566D}.Debug|x86.Build.0 = Debug|Any CPU
		{15593CB9-3930-4FCD-86F2-4547AACF566D}.Release|Any CPU.ActiveCfg = Release|Any CPU
		{15593CB9-3930-4FCD-86F2-4547AACF566D}.Release|Any CPU.Build.0 = Release|Any CPU
		{15593CB9-3930-4FCD-86F2-4547AACF566D}.Release|x64.ActiveCfg = Release|Any CPU
		{15593CB9-3930-4FCD-86F2-4547AACF566D}.Release|x64.Build.0 = Release|Any CPU
		{15593CB9-3930-4FCD-86F2-4547AACF566D}.Release|x86.ActiveCfg = Release|Any CPU
		{15593CB9-3930-4FCD-86F2-4547AACF566D}.Release|x86.Build.0 = Release|Any CPU
		{606C98F1-29CE-4966-8837-DA9C671B3201}.Debug|Any CPU.ActiveCfg = Debug|Any CPU
		{606C98F1-29CE-4966-8837-DA9C671B3201}.Debug|Any CPU.Build.0 = Debug|Any CPU
		{606C98F1-29CE-4966-8837-DA9C671B3201}.Debug|x64.ActiveCfg = Debug|Any CPU
		{606C98F1-29CE-4966-8837-DA9C671B3201}.Debug|x64.Build.0 = Debug|Any CPU
		{606C98F1-29CE-4966-8837-DA9C671B3201}.Debug|x86.ActiveCfg = Debug|Any CPU
		{606C98F1-29CE-4966-8837-DA9C671B3201}.Debug|x86.Build.0 = Debug|Any CPU
		{606C98F1-29CE-4966-8837-DA9C671B3201}.Release|Any CPU.ActiveCfg = Release|Any CPU
		{606C98F1-29CE-4966-8837-DA9C671B3201}.Release|Any CPU.Build.0 = Release|Any CPU
		{606C98F1-29CE-4966-8837-DA9C671B3201}.Release|x64.ActiveCfg = Release|Any CPU
		{606C98F1-29CE-4966-8837-DA9C671B3201}.Release|x64.Build.0 = Release|Any CPU
		{606C98F1-29CE-4966-8837-DA9C671B3201}.Release|x86.ActiveCfg = Release|Any CPU
		{606C98F1-29CE-4966-8837-DA9C671B3201}.Release|x86.Build.0 = Release|Any CPU
		{EE933C1C-EE73-40B1-A23B-7403C5E57A87}.Debug|Any CPU.ActiveCfg = Debug|Any CPU
		{EE933C1C-EE73-40B1-A23B-7403C5E57A87}.Debug|Any CPU.Build.0 = Debug|Any CPU
		{EE933C1C-EE73-40B1-A23B-7403C5E57A87}.Debug|x64.ActiveCfg = Debug|Any CPU
		{EE933C1C-EE73-40B1-A23B-7403C5E57A87}.Debug|x64.Build.0 = Debug|Any CPU
		{EE933C1C-EE73-40B1-A23B-7403C5E57A87}.Debug|x86.ActiveCfg = Debug|Any CPU
		{EE933C1C-EE73-40B1-A23B-7403C5E57A87}.Debug|x86.Build.0 = Debug|Any CPU
		{EE933C1C-EE73-40B1-A23B-7403C5E57A87}.Release|Any CPU.ActiveCfg = Release|Any CPU
		{EE933C1C-EE73-40B1-A23B-7403C5E57A87}.Release|Any CPU.Build.0 = Release|Any CPU
		{EE933C1C-EE73-40B1-A23B-7403C5E57A87}.Release|x64.ActiveCfg = Release|Any CPU
		{EE933C1C-EE73-40B1-A23B-7403C5E57A87}.Release|x64.Build.0 = Release|Any CPU
		{EE933C1C-EE73-40B1-A23B-7403C5E57A87}.Release|x86.ActiveCfg = Release|Any CPU
		{EE933C1C-EE73-40B1-A23B-7403C5E57A87}.Release|x86.Build.0 = Release|Any CPU
	EndGlobalSection
	GlobalSection(SolutionProperties) = preSolution
		HideSolutionNode = FALSE
	EndGlobalSection
	GlobalSection(ExtensibilityGlobals) = postSolution
		SolutionGuid = {F7D78227-3EF1-4470-B86C-9CB3A975E29D}
	EndGlobalSection
EndGlobal
